
Microsoft Visual Studio Solution File, Format Version 12.00
# Visual Studio Version 17
VisualStudioVersion = 17.0.32014.148
MinimumVisualStudioVersion = 10.0.40219.1
Project("{FAE04EC0-301F-11D3-BF4B-00C04F79EFBC}") = "OrganizationService", "OrganizationService\OrganizationService.csproj", "{AD88165A-977B-4EE4-85A8-54D951C94155}"
EndProject
Global
	GlobalSection(SolutionConfigurationPlatforms) = preSolution
		Debug|Any CPU = Debug|Any CPU
		Release|Any CPU = Release|Any CPU
	EndGlobalSection
	GlobalSection(ProjectConfigurationPlatforms) = postSolution
		{AD88165A-977B-4EE4-85A8-54D951C94155}.Debug|Any CPU.ActiveCfg = Debug|Any CPU
		{AD88165A-977B-4EE4-85A8-54D951C94155}.Debug|Any CPU.Build.0 = Debug|Any CPU
		{AD88165A-977B-4EE4-85A8-54D951C94155}.Release|Any CPU.ActiveCfg = Release|Any CPU
		{AD88165A-977B-4EE4-85A8-54D951C94155}.Release|Any CPU.Build.0 = Release|Any CPU
	EndGlobalSection
	GlobalSection(SolutionProperties) = preSolution
		HideSolutionNode = FALSE
	EndGlobalSection
	GlobalSection(ExtensibilityGlobals) = postSolution
		SolutionGuid = {3A44CD17-2549-4E63-831D-DA63D40B9BCA}
	EndGlobalSection
EndGlobal
